{
    "composer/package-versions-deprecated": {
        "version": "1.11.99.5"
    },
    "composer/pcre": {
        "version": "3.0.0"
    },
    "composer/semver": {
        "version": "1.x-dev"
    },
    "composer/xdebug-handler": {
        "version": "1.3.0"
    },
    "dama/doctrine-test-bundle": {
        "version": "4.0",
        "recipe": {
            "repo": "github.com/symfony/recipes-contrib",
            "branch": "master",
            "version": "4.0",
            "ref": "56eaa387b5e48ebcc7c95a893b47dfa1ad51449c"
        }
    },
    "dflydev/dot-access-data": {
        "version": "v3.0.1"
    },
    "doctrine/annotations": {
        "version": "1.13",
        "recipe": {
            "repo": "github.com/symfony/recipes",
            "branch": "main",
            "version": "1.10",
            "ref": "64d8583af5ea57b7afa4aba4b159907f3a148b05"
        },
        "files": []
    },
    "doctrine/cache": {
        "version": "1.9.x-dev"
    },
    "doctrine/collections": {
        "version": "1.6.x-dev"
    },
    "doctrine/common": {
        "version": "2.9.x-dev"
    },
    "doctrine/data-fixtures": {
        "version": "1.3.x-dev"
    },
    "doctrine/dbal": {
        "version": "2.9.x-dev"
    },
    "doctrine/deprecations": {
        "version": "v0.5.3"
    },
    "doctrine/doctrine-bundle": {
        "version": "2.6",
        "recipe": {
            "repo": "github.com/symfony/recipes",
            "branch": "main",
            "version": "2.4",
            "ref": "ddddd8249dd55bbda16fa7a45bb7499ef6f8e90e"
        },
        "files": [
            "config/packages/doctrine.yaml",
            "src/Entity/.gitignore",
            "src/Repository/.gitignore"
        ]
    },
    "doctrine/doctrine-fixtures-bundle": {
        "version": "3.4",
        "recipe": {
            "repo": "github.com/symfony/recipes",
            "branch": "main",
            "version": "3.0",
            "ref": "1f5514cfa15b947298df4d771e694e578d4c204d"
        },
        "files": [
            "src/DataFixtures/AppFixtures.php"
        ]
    },
    "doctrine/doctrine-migrations-bundle": {
        "version": "3.2",
        "recipe": {
            "repo": "github.com/symfony/recipes",
            "branch": "main",
            "version": "3.1",
            "ref": "ee609429c9ee23e22d6fa5728211768f51ed2818"
        },
        "files": [
            "config/packages/doctrine_migrations.yaml",
            "migrations/.gitignore"
        ]
    },
    "doctrine/event-manager": {
        "version": "1.0.x-dev"
    },
    "doctrine/inflector": {
        "version": "1.3.x-dev"
    },
    "doctrine/instantiator": {
        "version": "1.2.x-dev"
    },
    "doctrine/lexer": {
        "version": "1.0.x-dev"
    },
    "doctrine/migrations": {
        "version": "3.0.1"
    },
    "doctrine/orm": {
        "version": "2.7.x-dev"
    },
    "doctrine/persistence": {
        "version": "1.0.x-dev"
    },
    "doctrine/sql-formatter": {
        "version": "1.1.0"
    },
    "egulias/email-validator": {
        "version": "2.1.6"
    },
    "erusev/parsedown": {
        "version": "1.8.0-beta-5"
    },
    "ezyang/htmlpurifier": {
        "version": "v4.10.0"
    },
    "friendsofphp/php-cs-fixer": {
        "version": "3.8",
        "recipe": {
            "repo": "github.com/symfony/recipes",
            "branch": "main",
            "version": "3.0",
            "ref": "be2103eb4a20942e28a6dd87736669b757132435"
        },
        "files": [
            ".php-cs-fixer.dist.php"
        ]
    },
    "friendsofphp/proxy-manager-lts": {
        "version": "v1.0.12"
    },
    "gregwar/captcha": {
        "version": "v1.1.8"
    },
    "gregwar/captcha-bundle": {
        "version": "v2.1.2"
    },
    "laminas/laminas-code": {
        "version": "4.5.1"
    },
    "league/commonmark": {
        "version": "2.3.0"
    },
    "league/config": {
        "version": "v1.1.1"
    },
    "league/uri-parser": {
        "version": "1.4.1"
    },
    "masterminds/html5": {
        "version": "2.7.5"
    },
    "monolog/monolog": {
        "version": "1.x-dev"
    },
    "nette/schema": {
        "version": "v1.2.2"
    },
    "nette/utils": {
        "version": "v3.2.7"
    },
    "nikic/php-parser": {
        "version": "v4.2.0"
    },
    "php-cs-fixer/diff": {
        "version": "v1.3.0"
    },
    "phpstan/phpstan": {
        "version": "1.6.7"
    },
    "psr/cache": {
        "version": "1.0.x-dev"
    },
    "psr/container": {
        "version": "1.0.x-dev"
    },
    "psr/event-dispatcher": {
        "version": "1.0.0"
    },
    "psr/log": {
        "version": "1.0.x-dev"
    },
    "rosell-dk/webp-convert": {
        "version": "1.3.9"
    },
    "sensio/framework-extra-bundle": {
        "version": "5.2",
        "recipe": {
            "repo": "github.com/symfony/recipes",
            "branch": "master",
            "version": "5.2",
            "ref": "fb7e19da7f013d0d422fa9bce16f5c510e27609b"
        }
    },
    "symfony/apache-pack": {
        "version": "1.0",
        "recipe": {
            "repo": "github.com/symfony/recipes-contrib",
            "branch": "main",
            "version": "1.0",
            "ref": "9d254a22efca7264203eea98b866f16f944b2f09"
        },
        "files": [
            "public/.htaccess"
        ]
    },
    "symfony/asset": {
        "version": "4.2-dev"
    },
    "symfony/browser-kit": {
        "version": "4.2-dev"
    },
    "symfony/cache": {
        "version": "4.2-dev"
    },
    "symfony/cache-contracts": {
        "version": "v1.1.7"
    },
    "symfony/config": {
        "version": "4.2-dev"
    },
    "symfony/console": {
        "version": "6.0",
        "recipe": {
            "repo": "github.com/symfony/recipes",
            "branch": "main",
            "version": "5.3",
            "ref": "da0c8be8157600ad34f10ff0c9cc91232522e047"
        },
        "files": [
            "bin/console"
        ]
    },
    "symfony/css-selector": {
        "version": "4.2-dev"
    },
    "symfony/debug-bundle": {
        "version": "6.0",
        "recipe": {
            "repo": "github.com/symfony/recipes",
            "branch": "main",
            "version": "5.3",
            "ref": "5aa8aa48234c8eb6dbdd7b3cd5d791485d2cec4b"
        },
        "files": [
            "config/packages/debug.yaml"
        ]
    },
    "symfony/dependency-injection": {
        "version": "4.2-dev"
    },
    "symfony/deprecation-contracts": {
        "version": "v3.0.1"
    },
    "symfony/doctrine-bridge": {
        "version": "4.2-dev"
    },
    "symfony/dom-crawler": {
        "version": "4.2-dev"
    },
    "symfony/dotenv": {
        "version": "4.2-dev"
    },
    "symfony/error-handler": {
        "version": "v5.0.2"
    },
    "symfony/event-dispatcher": {
        "version": "4.2-dev"
    },
    "symfony/event-dispatcher-contracts": {
        "version": "v1.1.7"
    },
    "symfony/expression-language": {
        "version": "4.2-dev"
    },
    "symfony/filesystem": {
        "version": "4.2-dev"
    },
    "symfony/finder": {
        "version": "4.2-dev"
    },
    "symfony/flex": {
        "version": "2.1",
        "recipe": {
            "repo": "github.com/symfony/recipes",
            "branch": "main",
            "version": "1.0",
            "ref": "c0eeb50665f0f77226616b6038a9b06c03752d8e"
        },
        "files": [
            ".env"
        ]
    },
    "symfony/form": {
        "version": "4.2-dev"
    },
    "symfony/framework-bundle": {
        "version": "6.0",
        "recipe": {
            "repo": "github.com/symfony/recipes",
            "branch": "main",
            "version": "5.4",
            "ref": "3cd216a4d007b78d8554d44a5b1c0a446dab24fb"
        },
        "files": [
            "config/packages/cache.yaml",
            "config/packages/framework.yaml",
            "config/preload.php",
            "config/routes/framework.yaml",
            "config/services.yaml",
            "public/index.php",
            "src/Controller/.gitignore",
            "src/Kernel.php"
        ]
    },
    "symfony/google-mailer": {
        "version": "4.4",
        "recipe": {
            "repo": "github.com/symfony/recipes",
            "branch": "master",
            "version": "4.4",
            "ref": "f8fd4ddb9b477510f8f4bce2b9c054ab428c0120"
        }
    },
    "symfony/http-foundation": {
        "version": "4.2-dev"
    },
    "symfony/http-kernel": {
        "version": "4.2-dev"
    },
    "symfony/intl": {
        "version": "4.2-dev"
    },
    "symfony/mailer": {
        "version": "6.0",
        "recipe": {
            "repo": "github.com/symfony/recipes",
            "branch": "main",
            "version": "4.3",
            "ref": "97a61eabb351d7f6cb7702039bcfe07fe9d7e03c"
        },
        "files": [
            "config/packages/mailer.yaml"
        ]
    },
    "symfony/maker-bundle": {
        "version": "1.0",
        "recipe": {
            "repo": "github.com/symfony/recipes",
            "branch": "master",
            "version": "1.0",
            "ref": "fadbfe33303a76e25cb63401050439aa9b1a9c7f"
        }
    },
    "symfony/mime": {
        "version": "v4.3.3"
    },
    "symfony/monolog-bridge": {
        "version": "4.2-dev"
    },
    "symfony/monolog-bundle": {
        "version": "3.7",
        "recipe": {
            "repo": "github.com/symfony/recipes",
            "branch": "main",
            "version": "3.7",
            "ref": "213676c4ec929f046dfde5ea8e97625b81bc0578"
        },
        "files": [
            "config/packages/monolog.yaml"
        ]
    },
    "symfony/options-resolver": {
        "version": "4.2-dev"
    },
    "symfony/password-hasher": {
        "version": "v6.0.8"
    },
    "symfony/phpunit-bridge": {
        "version": "6.0",
        "recipe": {
            "repo": "github.com/symfony/recipes",
            "branch": "main",
            "version": "5.3",
            "ref": "97cb3dc7b0f39c7cfc4b7553504c9d7b7795de96"
        },
        "files": [
            ".env.test",
            "bin/phpunit",
            "phpunit.xml.dist",
            "tests/bootstrap.php"
        ]
    },
    "symfony/polyfill-ctype": {
        "version": "1.9-dev"
    },
    "symfony/polyfill-intl-grapheme": {
        "version": "v1.25.0"
    },
    "symfony/polyfill-intl-icu": {
        "version": "1.9-dev"
    },
    "symfony/polyfill-intl-idn": {
        "version": "v1.11.0"
    },
    "symfony/polyfill-intl-messageformatter": {
        "version": "v1.25.0"
    },
    "symfony/polyfill-intl-normalizer": {
        "version": "v1.18.0"
    },
    "symfony/polyfill-mbstring": {
        "version": "1.9-dev"
    },
    "symfony/polyfill-php72": {
        "version": "1.9-dev"
    },
    "symfony/polyfill-php80": {
        "version": "v1.18.0"
    },
    "symfony/polyfill-php81": {
        "version": "v1.25.0"
    },
    "symfony/process": {
        "version": "4.2-dev"
    },
    "symfony/property-access": {
        "version": "4.2-dev"
    },
    "symfony/property-info": {
        "version": "v6.0.7"
    },
    "symfony/routing": {
        "version": "6.0",
        "recipe": {
            "repo": "github.com/symfony/recipes",
            "branch": "main",
            "version": "6.0",
            "ref": "eb3b377a4dc07006c4bdb2c773652cc9434f5246"
        },
        "files": [
            "config/packages/routing.yaml",
            "config/routes.yaml"
        ]
    },
    "symfony/runtime": {
        "version": "v6.0.8"
    },
    "symfony/security-bundle": {
        "version": "6.0",
        "recipe": {
            "repo": "github.com/symfony/recipes",
            "branch": "main",
            "version": "5.3",
            "ref": "98f1f2b0d635908c2b40f3675da2d23b1a069d30"
        },
        "files": [
            "config/packages/security.yaml"
        ]
    },
    "symfony/security-core": {
        "version": "4.2-dev"
    },
    "symfony/security-csrf": {
        "version": "4.2-dev"
    },
    "symfony/security-http": {
        "version": "4.2-dev"
    },
    "symfony/service-contracts": {
        "version": "v1.1.8"
    },
    "symfony/stopwatch": {
        "version": "4.2-dev"
    },
    "symfony/string": {
        "version": "v6.0.8"
    },
    "symfony/translation": {
        "version": "6.0",
        "recipe": {
            "repo": "github.com/symfony/recipes",
            "branch": "main",
            "version": "5.3",
            "ref": "da64f5a2b6d96f5dc24914517c0350a5f91dee43"
        },
        "files": [
            "config/packages/translation.yaml",
            "translations/.gitignore"
        ]
    },
    "symfony/translation-contracts": {
        "version": "v1.1.7"
    },
    "symfony/twig-bridge": {
        "version": "4.2-dev"
    },
    "symfony/twig-bundle": {
        "version": "6.0",
        "recipe": {
            "repo": "github.com/symfony/recipes",
            "branch": "main",
            "version": "5.4",
            "ref": "bb2178c57eee79e6be0b297aa96fc0c0def81387"
        },
        "files": [
            "config/packages/twig.yaml",
            "templates/base.html.twig"
        ]
    },
    "symfony/validator": {
        "version": "4.1",
        "recipe": {
            "repo": "github.com/symfony/recipes",
            "branch": "master",
            "version": "4.1",
            "ref": "0cdc982334f45d554957a6167e030482795bf9d7"
        }
    },
    "symfony/var-dumper": {
        "version": "4.2-dev"
    },
    "symfony/var-exporter": {
        "version": "4.2-dev"
    },
    "symfony/web-profiler-bundle": {
        "version": "3.3",
        "recipe": {
            "repo": "github.com/symfony/recipes",
            "branch": "master",
            "version": "3.3",
            "ref": "6bdfa1a95f6b2e677ab985cd1af2eae35d62e0f6"
        }
    },
    "symfony/webpack-encore-bundle": {
        "version": "1.0",
        "recipe": {
            "repo": "github.com/symfony/recipes",
            "branch": "master",
            "version": "1.0",
            "ref": "dd76e869a5d10fac29f4c0c02f8feaac613471ff"
        }
    },
    "symfony/yaml": {
        "version": "4.2-dev"
    },
    "symfonycasts/reset-password-bundle": {
        "version": "1.0",
        "recipe": {
            "repo": "github.com/symfony/recipes",
            "branch": "master",
            "version": "1.0",
            "ref": "97c1627c0384534997ae1047b93be517ca16de43"
        },
        "files": [
            "./config/packages/reset_password.yaml"
        ]
    },
    "tgalopin/html-sanitizer": {
        "version": "1.5.0"
    },
    "tgalopin/html-sanitizer-bundle": {
        "version": "1.4",
        "recipe": {
            "repo": "github.com/symfony/recipes-contrib",
            "branch": "main",
            "version": "1.0",
            "ref": "95b935177db9abb65356fe19e57fe5abd908b5b8"
        },
        "files": [
            "config/packages/html_sanitizer.yaml"
        ]
    },
    "tijsverkoyen/css-to-inline-styles": {
        "version": "2.2.2"
    },
    "twig/cssinliner-extra": {
        "version": "v3.0.3"
    },
    "twig/extensions": {
        "version": "1.0",
        "recipe": {
            "repo": "github.com/symfony/recipes",
            "branch": "master",
            "version": "1.0",
            "ref": "ddb2e0a77773b7fd75d8d649545f174e664500ab"
        }
    },
    "twig/extra-bundle": {
        "version": "v3.0.3"
    },
    "twig/intl-extra": {
        "version": "v3.3.5"
    },
    "twig/markdown-extra": {
        "version": "v3.3.8"
    },
    "twig/twig": {
        "version": "2.x-dev"
    }
}
